
Microsoft Visual Studio Solution File, Format Version 12.00
# Visual Studio 2013
VisualStudioVersion = 12.0.30723.0
MinimumVisualStudioVersion = 10.0.40219.1
Project("{2150E333-8FDC-42A3-9474-1A3956D46DE8}") = ".nuget", ".nuget", "{83811DAE-8577-41DF-8B56-A3DE4FE4CDE0}"
	ProjectSection(SolutionItems) = preProject
		.nuget\NuGet.Config = .nuget\NuGet.Config
		.nuget\nuget.exe = .nuget\nuget.exe
		.nuget\NuGet.targets = .nuget\NuGet.targets
	EndProjectSection
EndProject
Project("{FAE04EC0-301F-11D3-BF4B-00C04F79EFBC}") = "SchemaHelper", "Source\SchemaHelper\SchemaHelper.csproj", "{29F4357A-A92D-458F-A266-A7231E75DA52}"
EndProject
Project("{FAE04EC0-301F-11D3-BF4B-00C04F79EFBC}") = "QuickStart", "Source\QuickStart\QuickStart.csproj", "{2143D00C-842D-4B62-82E9-95D262A6F88E}"
EndProject
Global
	GlobalSection(SolutionConfigurationPlatforms) = preSolution
		Debug|Any CPU = Debug|Any CPU
		Release|Any CPU = Release|Any CPU
	EndGlobalSection
	GlobalSection(ProjectConfigurationPlatforms) = postSolution
		{29F4357A-A92D-458F-A266-A7231E75DA52}.Debug|Any CPU.ActiveCfg = Debug|Any CPU
		{29F4357A-A92D-458F-A266-A7231E75DA52}.Debug|Any CPU.Build.0 = Debug|Any CPU
		{29F4357A-A92D-458F-A266-A7231E75DA52}.Release|Any CPU.ActiveCfg = Release|Any CPU
		{29F4357A-A92D-458F-A266-A7231E75DA52}.Release|Any CPU.Build.0 = Release|Any CPU
		{2143D00C-842D-4B62-82E9-95D262A6F88E}.Debug|Any CPU.ActiveCfg = Debug|Any CPU
		{2143D00C-842D-4B62-82E9-95D262A6F88E}.Debug|Any CPU.Build.0 = Debug|Any CPU
		{2143D00C-842D-4B62-82E9-95D262A6F88E}.Release|Any CPU.ActiveCfg = Release|Any CPU
		{2143D00C-842D-4B62-82E9-95D262A6F88E}.Release|Any CPU.Build.0 = Release|Any CPU
	EndGlobalSection
	GlobalSection(SolutionProperties) = preSolution
		HideSolutionNode = FALSE
	EndGlobalSection
EndGlobal
